
Microsoft Visual Studio Solution File, Format Version 12.00
# Visual Studio Version 17
VisualStudioVersion = 17.4.33205.214
MinimumVisualStudioVersion = 10.0.40219.1
Project("{F184B08F-C81C-45F6-A57F-5ABD9991F28F}") = "RollTheDice", "RollTheDice\RollTheDice.vbproj", "{57627168-86FA-4185-9D31-D4CF0B40CD1E}"
EndProject
Global
	GlobalSection(SolutionConfigurationPlatforms) = preSolution
		Debug|Any CPU = Debug|Any CPU
		Release|Any CPU = Release|Any CPU
	EndGlobalSection
	GlobalSection(ProjectConfigurationPlatforms) = postSolution
		{57627168-86FA-4185-9D31-D4CF0B40CD1E}.Debug|Any CPU.ActiveCfg = Debug|Any CPU
		{57627168-86FA-4185-9D31-D4CF0B40CD1E}.Debug|Any CPU.Build.0 = Debug|Any CPU
		{57627168-86FA-4185-9D31-D4CF0B40CD1E}.Release|Any CPU.ActiveCfg = Release|Any CPU
		{57627168-86FA-4185-9D31-D4CF0B40CD1E}.Release|Any CPU.Build.0 = Release|Any CPU
	EndGlobalSection
	GlobalSection(SolutionProperties) = preSolution
		HideSolutionNode = FALSE
	EndGlobalSection
	GlobalSection(ExtensibilityGlobals) = postSolution
		SolutionGuid = {A4F65A35-4CFD-455E-B4BB-F4A0A4BDB30C}
	EndGlobalSection
EndGlobal
